github.com/WeiZhang555/tabwriter v0.0.0-20160126080315-b48210992586 h1:J9mZm0PX/00yYLvkqisc8yuh2HsX6vWyhlyuOkY8F2A=
github.com/WeiZhang555/tabwriter v0.0.0-20160126080315-b48210992586/go.mod h1:ZTOx+sJkS2TKlfdnrlx3WRWUUWqGCBng2V/ugrPxBRo=
github.com/mattn/go-rl v0.0.0-20150228012913-e68fbe7c8cce h1:qpHCWv0Vo1wiM6bJZAm4OeER0ZsSIz7eMQqWB8x4gh0=
github.com/mattn/go-rl v0.0.0-20150228012913-e68fbe7c8cce/go.mod h1:H3x7sdIkC1+OEZWsJe+hjlSekc8IVEm6BAqmXacmjI8=
github.com/mattn/go-rl v0.0.0-20191108131310-7aa745627de1 h1:Hat5jbGldlq1zFT02vmaGJG+s+DxUDFaIUxgsLmPNnk=
github.com/mattn/go-rl v0.0.0-20191108131310-7aa745627de1/go.mod h1:H3x7sdIkC1+OEZWsJe+hjlSekc8IVEm6BAqmXacmjI8=
github.com/mattn/go-runewidth v0.0.6 h1:V2iyH+aX9C5fsYCpK60U8BYIvmhqxuOL3JZcqc1NB7k=
github.com/mattn/go-runewidth v0.0.6/go.mod h1:H031xJmbD/WCDINGzjvQ9THkh0rPKHF+m2gUSrubnMI=
github.com/wayneashleyberry/terminal-dimensions v1.0.0 h1:LawtS1nqKjAfqrmKOzkcrDLAjSzh38lEhC401JPjQVA=
github.com/wayneashleyberry/terminal-dimensions v1.0.0/go.mod h1:PW2XrtV6KmKOPhuf7wbtcmw1/IFnC39mryRET2XbxeE=
github.com/yasukotelin/go-rl v0.0.0-20150228012913-e68fbe7c8cce h1:KJMRifnilN/QL6ElVTxgGZrqfor6i4Ck3rvnna8FRsk=
github.com/yasukotelin/go-rl v0.0.0-20150228012913-e68fbe7c8cce/go.mod h1:bLHdiGFKvSSvAoTOq1yZ0b54x6fhGtmA/sqeh7vBapk=
github.com/yasukotelin/tabwriter v0.0.0-20191120043746-24cab3bba2ef h1:0h+Th6c7DqNKpcGoJWn9L/mXYmt3fAQ9ZcdqhAX2Nk8=
github.com/yasukotelin/tabwriter v0.0.0-20191120043746-24cab3bba2ef/go.mod h1:2tHFwZEf5UDInOaYKj3R2OHBbVWCbT2oVh+arXxprxs=
golang.org/x/text v0.3.2 h1:tW2bmiBqwgJj/UpqtC8EpXEZVYOwU0yG4iWbprSVAcs=
golang.org/x/text v0.3.2/go.mod h1:bEr9sfX3Q8Zfm5fL9x+3itogRgK3+ptLWKqgva+5dAk=
golang.org/x/tools v0.0.0-20180917221912-90fa682c2a6e/go.mod h1:n7NCudcB/nEzxVGmLbDWY5pfWTLqBcC2KZ6jyYvM4mQ=
